
Microsoft Visual Studio Solution File, Format Version 12.00
# Visual Studio Version 17
VisualStudioVersion = 17.9.34714.143
MinimumVisualStudioVersion = 10.0.40219.1
Project("{9A19103F-16F7-4668-BE54-9A1E7A4F7556}") = "ComputerStorageSolutionsWebApi", "ComputerStorageSolutionsWebApi\ComputerStorageSolutionsWebApi.csproj", "{982260FF-E6E0-433D-9683-CF30E235E299}"
EndProject
Global
	GlobalSection(SolutionConfigurationPlatforms) = preSolution
		Debug|Any CPU = Debug|Any CPU
		Release|Any CPU = Release|Any CPU
	EndGlobalSection
	GlobalSection(ProjectConfigurationPlatforms) = postSolution
		{982260FF-E6E0-433D-9683-CF30E235E299}.Debug|Any CPU.ActiveCfg = Debug|Any CPU
		{982260FF-E6E0-433D-9683-CF30E235E299}.Debug|Any CPU.Build.0 = Debug|Any CPU
		{982260FF-E6E0-433D-9683-CF30E235E299}.Release|Any CPU.ActiveCfg = Release|Any CPU
		{982260FF-E6E0-433D-9683-CF30E235E299}.Release|Any CPU.Build.0 = Release|Any CPU
	EndGlobalSection
	GlobalSection(SolutionProperties) = preSolution
		HideSolutionNode = FALSE
	EndGlobalSection
	GlobalSection(ExtensibilityGlobals) = postSolution
		SolutionGuid = {88501B14-8E84-441C-87BF-DBE7A1BAF8B7}
	EndGlobalSection
EndGlobal
